{
    "version": 3,
    "terraform_version": "0.11.8",
    "serial": 1,
    "lineage": "00000000-0000-0000-0000-000000000000",
    "modules": [
        {
            "path": [
                "root"
            ],
            "outputs": {},
            "resources": {
                "azurerm_resource_group.rg1": {
                    "type": "azurerm_resource_group",
                    "depends_on": [],
                    "primary": {
                        "id": "/subscriptions/00000000-0000-0000-0000-000000000000/resourceGroups/rg1",
                        "attributes": {
                            "id": "/subscriptions/00000000-0000-0000-0000-000000000000/resourceGroups/rg1",
                            "location": "eastus",
                            "name": "rg1",
                            "tags.%": "0"
                        },
                        "meta": {},
                        "tainted": false
                    },
                    "deposed": [],
                    "provider": "provider.azurerm"
                },
                "azurerm_resource_group.rg2": {
                    "type": "azurerm_resource_group",
                    "depends_on": [],
                    "primary": {
                        "id": "/subscriptions/00000000-0000-0000-0000-000000000000/resourceGroups/rg2",
                        "attributes": {
                            "id": "/subscriptions/00000000-0000-0000-0000-000000000000/resourceGroups/rg2",
                            "location": "eastus",
                            "name": "rg2",
                            "tags.%": "0"
                        },
                        "meta": {},
                        "tainted": false
                    },
                    "deposed": [],
                    "provider": "provider.azurerm"
                },
                "azurerm_virtual_network.vnet": {
                    "type": "azurerm_virtual_network",
                    "depends_on": [
                        "azurerm_resource_group.rg1"
                    ],
                    "primary": {
                        "id": "/subscriptions/00000000-0000-0000-0000-000000000000/resourceGroups/rg1/providers/Microsoft.Network/virtualNetworks/vnet",
                        "attributes": {
                            "address_space.#": "1",
                            "address_space.0": "10.0.0.0/8",
                            "dns_servers.#": "0",
                            "id": "/subscriptions/00000000-0000-0000-0000-000000000000/resourceGroups/rg1/providers/Microsoft.Network/virtualNetworks/vnet",
                            "location": "eastus",
                            "name": "vnet",
                            "resource_group_name": "rg1",
                            "subnet.#": "0",
                            "tags.%": "0"
                        },
                        "meta": {},
                        "tainted": false
                    },
                    "deposed": [],
                    "provider": "provider.azurerm"
                }
            },
            "depends_on": []
        }
    ]
}
